
Microsoft Visual Studio Solution File, Format Version 11.00
# Visual Studio 2010
Project("{FAE04EC0-301F-11D3-BF4B-00C04F79EFBC}") = "GrammarChecker", "GrammarChecker\GrammarChecker.csproj", "{269353AB-621D-48A2-9D16-DD1C68EE36F4}"
EndProject
Global
	GlobalSection(SolutionConfigurationPlatforms) = preSolution
		Debug|Any CPU = Debug|Any CPU
		Release|Any CPU = Release|Any CPU
	EndGlobalSection
	GlobalSection(ProjectConfigurationPlatforms) = postSolution
		{269353AB-621D-48A2-9D16-DD1C68EE36F4}.Debug|Any CPU.ActiveCfg = Debug|Any CPU
		{269353AB-621D-48A2-9D16-DD1C68EE36F4}.Debug|Any CPU.Build.0 = Debug|Any CPU
		{269353AB-621D-48A2-9D16-DD1C68EE36F4}.Release|Any CPU.ActiveCfg = Release|Any CPU
		{269353AB-621D-48A2-9D16-DD1C68EE36F4}.Release|Any CPU.Build.0 = Release|Any CPU
	EndGlobalSection
	GlobalSection(SolutionProperties) = preSolution
		HideSolutionNode = FALSE
	EndGlobalSection
EndGlobal
